// !$*UTF8*$!
{
	archiveVersion = 1;
	classes = {
	};
	objectVersion = 46;
	objects = {

/* Begin PBXBuildFile section */
		67BBCEF21E8CAA7700E4D5FE /* main.m in Sources */ = {isa = PBXBuildFile; fileRef = 67BBCEF11E8CAA7700E4D5FE /* main.m */; };
		67BBCEF51E8CAA7700E4D5FE /* AppDelegate.m in Sources */ = {isa = PBXBuildFile; fileRef = 67BBCEF41E8CAA7700E4D5FE /* AppDelegate.m */; };
		67BBCEF81E8CAA7700E4D5FE /* ViewController.m in Sources */ = {isa = PBXBuildFile; fileRef = 67BBCEF71E8CAA7700E4D5FE /* ViewController.m */; };
		67BBCEFB1E8CAA7700E4D5FE /* Main.storyboard in Resources */ = {isa = PBXBuildFile; fileRef = 67BBCEF91E8CAA7700E4D5FE /* Main.storyboard */; };
		67BBCEFD1E8CAA7700E4D5FE /* Assets.xcassets in Resources */ = {isa = PBXBuildFile; fileRef = 67BBCEFC1E8CAA7700E4D5FE /* Assets.xcassets */; };
		67BBCF001E8CAA7700E4D5FE /* LaunchScreen.storyboard in Resources */ = {isa = PBXBuildFile; fileRef = 67BBCEFE1E8CAA7700E4D5FE /* LaunchScreen.storyboard */; };
/* End PBXBuildFile section */

/* Begin PBXFileReference section */
		67BBCEED1E8CAA7700E4D5FE /* EventCalendarDemo.app */ = {isa = PBXFileReference; explicitFileType = wrapper.application; includeInIndex = 0; path = EventCalendarDemo.app; sourceTree = BUILT_PRODUCTS_DIR; };
		67BBCEF11E8CAA7700E4D5FE /* main.m */ = {isa = PBXFileReference; lastKnownFileType = sourcecode.c.objc; path = main.m; sourceTree = "<group>"; };
		67BBCEF31E8CAA7700E4D5FE /* AppDelegate.h */ = {isa = PBXFileReference; lastKnownFileType = sourcecode.c.h; path = AppDelegate.h; sourceTree = "<group>"; };
		67BBCEF41E8CAA7700E4D5FE /* AppDelegate.m */ = {isa = PBXFileReference; lastKnownFileType = sourcecode.c.objc; path = AppDelegate.m; sourceTree = "<group>"; };
		67BBCEF61E8CAA7700E4D5FE /* ViewController.h */ = {isa = PBXFileReference; lastKnownFileType = sourcecode.c.h; path = ViewController.h; sourceTree = "<group>"; };
		67BBCEF71E8CAA7700E4D5FE /* ViewController.m */ = {isa = PBXFileReference; lastKnownFileType = sourcecode.c.objc; path = ViewController.m; sourceTree = "<group>"; };
		67BBCEFA1E8CAA7700E4D5FE /* Base */ = {isa = PBXFileReference; lastKnownFileType = file.storyboard; name = Base; path = Base.lproj/Main.storyboard; sourceTree = "<group>"; };
		67BBCEFC1E8CAA7700E4D5FE /* Assets.xcassets */ = {isa = PBXFileReference; lastKnownFileType = folder.assetcatalog; path = Assets.xcassets; sourceTree = "<group>"; };
		67BBCEFF1E8CAA7700E4D5FE /* Base */ = {isa = PBXFileReference; lastKnownFileType = file.storyboard; name = Base; path = Base.lproj/LaunchScreen.storyboard; sourceTree = "<group>"; };
		67BBCF011E8CAA7700E4D5FE /* Info.plist */ = {isa = PBXFileReference; lastKnownFileType = text.plist.xml; path = Info.plist; sourceTree = "<group>"; };
/* End PBXFileReference section */

/* Begin PBXFrameworksBuildPhase section */
		67BBCEEA1E8CAA7700E4D5FE /* Frameworks */ = {
			isa = PBXFrameworksBuildPhase;
			buildActionMask = 2147483647;
			files = (
			);
			runOnlyForDeploymentPostprocessing = 0;
		};
/* End PBXFrameworksBuildPhase section */

/* Begin PBXGroup section */
		67BBCEE41E8CAA7700E4D5FE = {
			isa = PBXGroup;
			children = (
				67BBCEEF1E8CAA7700E4D5FE /* EventCalendarDemo */,
				67BBCEEE1E8CAA7700E4D5FE /* Products */,
			);
			sourceTree = "<group>";
		};
		67BBCEEE1E8CAA7700E4D5FE /* Products */ = {
			isa = PBXGroup;
			children = (
				67BBCEED1E8CAA7700E4D5FE /* EventCalendarDemo.app */,
			);
			name = Products;
			sourceTree = "<group>";
		};
		67BBCEEF1E8CAA7700E4D5FE /* EventCalendarDemo */ = {
			isa = PBXGroup;
			children = (
				67BBCEF31E8CAA7700E4D5FE /* AppDelegate.h */,
				67BBCEF41E8CAA7700E4D5FE /* AppDelegate.m */,
				67BBCEF61E8CAA7700E4D5FE /* ViewController.h */,
				67BBCEF71E8CAA7700E4D5FE /* ViewController.m */,
				67BBCEF91E8CAA7700E4D5FE /* Main.storyboard */,
				67BBCEFC1E8CAA7700E4D5FE /* Assets.xcassets */,
				67BBCEFE1E8CAA7700E4D5FE /* LaunchScreen.storyboard */,
				67BBCF011E8CAA7700E4D5FE /* Info.plist */,
				67BBCEF01E8CAA7700E4D5FE /* Supporting Files */,
			);
			path = EventCalendarDemo;
			sourceTree = "<group>";
		};
		67BBCEF01E8CAA7700E4D5FE /* Supporting Files */ = {
			isa = PBXGroup;
			children = (
				67BBCEF11E8CAA7700E4D5FE /* main.m */,
			);
			name = "Supporting Files";
			sourceTree = "<group>";
		};
/* End PBXGroup section */

/* Begin PBXNativeTarget section */
		67BBCEEC1E8CAA7700E4D5FE /* EventCalendarDemo */ = {
			isa = PBXNativeTarget;
			buildConfigurationList = 67BBCF041E8CAA7700E4D5FE /* Build configuration list for PBXNativeTarget "EventCalendarDemo" */;
			buildPhases = (
				67BBCEE91E8CAA7700E4D5FE /* Sources */,
				67BBCEEA1E8CAA7700E4D5FE /* Frameworks */,
				67BBCEEB1E8CAA7700E4D5FE /* Resources */,
			);
			buildRules = (
			);
			dependencies = (
			);
			name = EventCalendarDemo;
			productName = EventCalendarDemo;
			productReference = 67BBCEED1E8CAA7700E4D5FE /* EventCalendarDemo.app */;
			productType = "com.apple.product-type.application";
		};
/* End PBXNativeTarget section */

/* Begin PBXProject section */
		67BBCEE51E8CAA7700E4D5FE /* Project object */ = {
			isa = PBXProject;
			attributes = {
				LastUpgradeCheck = 0830;
				ORGANIZATIONNAME = easy;
				TargetAttributes = {
					67BBCEEC1E8CAA7700E4D5FE = {
						CreatedOnToolsVersion = 8.3;
						DevelopmentTeam = 2B6L6G5YTF;
						ProvisioningStyle = Automatic;
					};
				};
			};
			buildConfigurationList = 67BBCEE81E8CAA7700E4D5FE /* Build configuration list for PBXProject "EventCalendarDemo" */;
			compatibilityVersion = "Xcode 3.2";
			developmentRegion = English;
			hasScannedForEncodings = 0;
			knownRegions = (
				en,
				Base,
			);
			mainGroup = 67BBCEE41E8CAA7700E4D5FE;
			productRefGroup = 67BBCEEE1E8CAA7700E4D5FE /* Products */;
			projectDirPath = "";
			projectRoot = "";
			targets = (
				67BBCEEC1E8CAA7700E4D5FE /* EventCalendarDemo */,
			);
		};
/* End PBXProject section */

/* Begin PBXResourcesBuildPhase section */
		67BBCEEB1E8CAA7700E4D5FE /* Resources */ = {
			isa = PBXResourcesBuildPhase;
			buildActionMask = 2147483647;
			files = (
				67BBCF001E8CAA7700E4D5FE /* LaunchScreen.storyboard in Resources */,
				67BBCEFD1E8CAA7700E4D5FE /* Assets.xcassets in Resources */,
				67BBCEFB1E8CAA7700E4D5FE /* Main.storyboard in Resources */,
			);
			runOnlyForDeploymentPostprocessing = 0;
		};
/* End PBXResourcesBuildPhase section */

/* Begin PBXSourcesBuildPhase section */
		67BBCEE91E8CAA7700E4D5FE /* Sources */ = {
			isa = PBXSourcesBuildPhase;
			buildActionMask = 2147483647;
			files = (
				67BBCEF81E8CAA7700E4D5FE /* ViewController.m in Sources */,
				67BBCEF51E8CAA7700E4D5FE /* AppDelegate.m in Sources */,
				67BBCEF21E8CAA7700E4D5FE /* main.m in Sources */,
			);
			runOnlyForDeploymentPostprocessing = 0;
		};
/* End PBXSourcesBuildPhase section */

/* Begin PBXVariantGroup section */
		67BBCEF91E8CAA7700E4D5FE /* Main.storyboard */ = {
			isa = PBXVariantGroup;
			children = (
				67BBCEFA1E8CAA7700E4D5FE /* Base */,
			);
			name = Main.storyboard;
			sourceTree = "<group>";
		};
		67BBCEFE1E8CAA7700E4D5FE /* LaunchScreen.storyboard */ = {
			isa = PBXVariantGroup;
			children = (
				67BBCEFF1E8CAA7700E4D5FE /* Base */,
			);
			name = LaunchScreen.storyboard;
			sourceTree = "<group>";
		};
/* End PBXVariantGroup section */

/* Begin XCBuildConfiguration section */
		67BBCF021E8CAA7700E4D5FE /* Debug */ = {
			isa = XCBuildConfiguration;
			buildSettings = {
				ALWAYS_SEARCH_USER_PATHS = NO;
				CLANG_ANALYZER_NONNULL = YES;
				CLANG_ANALYZER_NUMBER_OBJECT_CONVERSION = YES_AGGRESSIVE;
				CLANG_CXX_LANGUAGE_STANDARD = "gnu++0x";
				CLANG_CXX_LIBRARY = "libc++";
				CLANG_ENABLE_MODULES = YES;
				CLANG_ENABLE_OBJC_ARC = YES;
				CLANG_WARN_BOOL_CONVERSION = YES;
				CLANG_WARN_CONSTANT_CONVERSION = YES;
				CLANG_WARN_DIRECT_OBJC_ISA_USAGE = YES_ERROR;
				CLANG_WARN_DOCUMENTATION_COMMENTS = YES;
				CLANG_WARN_EMPTY_BODY = YES;
				CLANG_WARN_ENUM_CONVERSION = YES;
				CLANG_WARN_INFINITE_RECURSION = YES;
				CLANG_WARN_INT_CONVERSION = YES;
				CLANG_WARN_OBJC_ROOT_CLASS = YES_ERROR;
				CLANG_WARN_SUSPICIOUS_MOVE = YES;
				CLANG_WARN_UNREACHABLE_CODE = YES;
				CLANG_WARN__DUPLICATE_METHOD_MATCH = YES;
				"CODE_SIGN_IDENTITY[sdk=iphoneos*]" = "iPhone Developer";
				COPY_PHASE_STRIP = NO;
				DEBUG_INFORMATION_FORMAT = dwarf;
				ENABLE_STRICT_OBJC_MSGSEND = YES;
				ENABLE_TESTABILITY = YES;
				GCC_C_LANGUAGE_STANDARD = gnu99;
				GCC_DYNAMIC_NO_PIC = NO;
				GCC_NO_COMMON_BLOCKS = YES;
				GCC_OPTIMIZATION_LEVEL = 0;
				GCC_PREPROCESSOR_DEFINITIONS = (
					"DEBUG=1",
					"$(inherited)",
				);
				GCC_WARN_64_TO_32_BIT_CONVERSION = YES;
				GCC_WARN_ABOUT_RETURN_TYPE = YES_ERROR;
				GCC_WARN_UNDECLARED_SELECTOR = YES;
				GCC_WARN_UNINITIALIZED_AUTOS = YES_AGGRESSIVE;
				GCC_WARN_UNUSED_FUNCTION = YES;
				GCC_WARN_UNUSED_VARIABLE = YES;
				IPHONEOS_DEPLOYMENT_TARGET = 10.3;
				MTL_ENABLE_DEBUG_INFO = YES;
				ONLY_ACTIVE_ARCH = YES;
				SDKROOT = iphoneos;
				TARGETED_DEVICE_FAMILY = "1,2";
			};
			name = Debug;
		};
		67BBCF031E8CAA7700E4D5FE /* Release */ = {
			isa = XCBuildConfiguration;
			buildSettings = {
				ALWAYS_SEARCH_USER_PATHS = NO;
				CLANG_ANALYZER_NONNULL = YES;
				CLANG_ANALYZER_NUMBER_OBJECT_CONVERSION = YES_AGGRESSIVE;
				CLANG_CXX_LANGUAGE_STANDARD = "gnu++0x";
				CLANG_CXX_LIBRARY = "libc++";
				CLANG_ENABLE_MODULES = YES;
				CLANG_ENABLE_OBJC_ARC = YES;
				CLANG_WARN_BOOL_CONVERSION = YES;
				CLANG_WARN_CONSTANT_CONVERSION = YES;
				CLANG_WARN_DIRECT_OBJC_ISA_USAGE = YES_ERROR;
				CLANG_WARN_DOCUMENTATION_COMMENTS = YES;
				CLANG_WARN_EMPTY_BODY = YES;
				CLANG_WARN_ENUM_CONVERSION = YES;
				CLANG_WARN_INFINITE_RECURSION = YES;
				CLANG_WARN_INT_CONVERSION = YES;
				CLANG_WARN_OBJC_ROOT_CLASS = YES_ERROR;
				CLANG_WARN_SUSPICIOUS_MOVE = YES;
				CLANG_WARN_UNREACHABLE_CODE = YES;
				CLANG_WARN__DUPLICATE_METHOD_MATCH = YES;
				"CODE_SIGN_IDENTITY[sdk=iphoneos*]" = "iPhone Developer";
				COPY_PHASE_STRIP = NO;
				DEBUG_INFORMATION_FORMAT = "dwarf-with-dsym";
				ENABLE_NS_ASSERTIONS = NO;
				ENABLE_STRICT_OBJC_MSGSEND = YES;
				GCC_C_LANGUAGE_STANDARD = gnu99;
				GCC_NO_COMMON_BLOCKS = YES;
				GCC_WARN_64_TO_32_BIT_CONVERSION = YES;
				GCC_WARN_ABOUT_RETURN_TYPE = YES_ERROR;
				GCC_WARN_UNDECLARED_SELECTOR = YES;
				GCC_WARN_UNINITIALIZED_AUTOS = YES_AGGRESSIVE;
				GCC_WARN_UNUSED_FUNCTION = YES;
				GCC_WARN_UNUSED_VARIABLE = YES;
				IPHONEOS_DEPLOYMENT_TARGET = 10.3;
				MTL_ENABLE_DEBUG_INFO = NO;
				SDKROOT = iphoneos;
				TARGETED_DEVICE_FAMILY = "1,2";
				VALIDATE_PRODUCT = YES;
			};
			name = Release;
		};
		67BBCF051E8CAA7700E4D5FE /* Debug */ = {
			isa = XCBuildConfiguration;
			buildSettings = {
				ASSETCATALOG_COMPILER_APPICON_NAME = AppIcon;
				DEVELOPMENT_TEAM = 2B6L6G5YTF;
				INFOPLIST_FILE = EventCalendarDemo/Info.plist;
				LD_RUNPATH_SEARCH_PATHS = "$(inherited) @executable_path/Frameworks";
				PRODUCT_BUNDLE_IDENTIFIER = adss.EventCalendarDemo;
				PRODUCT_NAME = "$(TARGET_NAME)";
			};
			name = Debug;
		};
		67BBCF061E8CAA7700E4D5FE /* Release */ = {
			isa = XCBuildConfiguration;
			buildSettings = {
				ASSETCATALOG_COMPILER_APPICON_NAME = AppIcon;
				DEVELOPMENT_TEAM = 2B6L6G5YTF;
				INFOPLIST_FILE = EventCalendarDemo/Info.plist;
				LD_RUNPATH_SEARCH_PATHS = "$(inherited) @executable_path/Frameworks";
				PRODUCT_BUNDLE_IDENTIFIER = adss.EventCalendarDemo;
				PRODUCT_NAME = "$(TARGET_NAME)";
			};
			name = Release;
		};
/* End XCBuildConfiguration section */

/* Begin XCConfigurationList section */
		67BBCEE81E8CAA7700E4D5FE /* Build configuration list for PBXProject "EventCalendarDemo" */ = {
			isa = XCConfigurationList;
			buildConfigurations = (
				67BBCF021E8CAA7700E4D5FE /* Debug */,
				67BBCF031E8CAA7700E4D5FE /* Release */,
			);
			defaultConfigurationIsVisible = 0;
			defaultConfigurationName = Release;
		};
		67BBCF041E8CAA7700E4D5FE /* Build configuration list for PBXNativeTarget "EventCalendarDemo" */ = {
			isa = XCConfigurationList;
			buildConfigurations = (
				67BBCF051E8CAA7700E4D5FE /* Debug */,
				67BBCF061E8CAA7700E4D5FE /* Release */,
			);
			defaultConfigurationIsVisible = 0;
		};
/* End XCConfigurationList section */
	};
	rootObject = 67BBCEE51E8CAA7700E4D5FE /* Project object */;
}
